
Microsoft Visual Studio Solution File, Format Version 12.00
# Visual Studio Version 17
VisualStudioVersion = 17.9.34622.214
MinimumVisualStudioVersion = 10.0.40219.1
Project("{8BC9CEB8-8B4A-11D0-8D11-00A0C91BC942}") = "Hungarian", "Hungarian.vcxproj", "{D44C68CA-55F1-4C9E-B5DB-D8C40ACF70BB}"
EndProject
Project("{8BC9CEB8-8B4A-11D0-8D11-00A0C91BC942}") = "TestHungarian", "..\TestHungarian\TestHungarian.vcxproj", "{62CE2AD5-9C7A-4873-ADF1-649E11F153C0}"
EndProject
Global
	GlobalSection(SolutionConfigurationPlatforms) = preSolution
		Debug|x64 = Debug|x64
		Debug|x86 = Debug|x86
		Release|x64 = Release|x64
		Release|x86 = Release|x86
	EndGlobalSection
	GlobalSection(ProjectConfigurationPlatforms) = postSolution
		{D44C68CA-55F1-4C9E-B5DB-D8C40ACF70BB}.Debug|x64.ActiveCfg = Debug|x64
		{D44C68CA-55F1-4C9E-B5DB-D8C40ACF70BB}.Debug|x64.Build.0 = Debug|x64
		{D44C68CA-55F1-4C9E-B5DB-D8C40ACF70BB}.Debug|x86.ActiveCfg = Debug|Win32
		{D44C68CA-55F1-4C9E-B5DB-D8C40ACF70BB}.Debug|x86.Build.0 = Debug|Win32
		{D44C68CA-55F1-4C9E-B5DB-D8C40ACF70BB}.Release|x64.ActiveCfg = Release|x64
		{D44C68CA-55F1-4C9E-B5DB-D8C40ACF70BB}.Release|x64.Build.0 = Release|x64
		{D44C68CA-55F1-4C9E-B5DB-D8C40ACF70BB}.Release|x86.ActiveCfg = Release|Win32
		{D44C68CA-55F1-4C9E-B5DB-D8C40ACF70BB}.Release|x86.Build.0 = Release|Win32
		{62CE2AD5-9C7A-4873-ADF1-649E11F153C0}.Debug|x64.ActiveCfg = Debug|x64
		{62CE2AD5-9C7A-4873-ADF1-649E11F153C0}.Debug|x64.Build.0 = Debug|x64
		{62CE2AD5-9C7A-4873-ADF1-649E11F153C0}.Debug|x86.ActiveCfg = Debug|Win32
		{62CE2AD5-9C7A-4873-ADF1-649E11F153C0}.Debug|x86.Build.0 = Debug|Win32
		{62CE2AD5-9C7A-4873-ADF1-649E11F153C0}.Release|x64.ActiveCfg = Release|x64
		{62CE2AD5-9C7A-4873-ADF1-649E11F153C0}.Release|x64.Build.0 = Release|x64
		{62CE2AD5-9C7A-4873-ADF1-649E11F153C0}.Release|x86.ActiveCfg = Release|Win32
		{62CE2AD5-9C7A-4873-ADF1-649E11F153C0}.Release|x86.Build.0 = Release|Win32
	EndGlobalSection
	GlobalSection(SolutionProperties) = preSolution
		HideSolutionNode = FALSE
	EndGlobalSection
	GlobalSection(ExtensibilityGlobals) = postSolution
		SolutionGuid = {3DAC7EA1-D554-48AF-A10E-D88A40786781}
	EndGlobalSection
EndGlobal
